Microsoft Visual Studio Solution File, Format Version 12.00
# Visual Studio 15
VisualStudioVersion = 15.0.27703.2035
MinimumVisualStudioVersion = 10.0.40219.1
Project("{FAE04EC0-301F-11D3-BF4B-00C04F79EFBC}") = "NFive.SDK.Core", "NFive.SDK.Core.csproj", "{C1DE80C7-579E-4D48-AAB8-37F5C1484F86}"
EndProject
Global
	GlobalSection(SolutionConfigurationPlatforms) = preSolution
		Debug|Any CPU = Debug|Any CPU
		Release|Any CPU = Release|Any CPU
	EndGlobalSection
	GlobalSection(ProjectConfigurationPlatforms) = postSolution
		{C1DE80C7-579E-4D48-AAB8-37F5C1484F86}.Debug|Any CPU.ActiveCfg = Debug|Any CPU
		{C1DE80C7-579E-4D48-AAB8-37F5C1484F86}.Debug|Any CPU.Build.0 = Debug|Any CPU
		{C1DE80C7-579E-4D48-AAB8-37F5C1484F86}.Release|Any CPU.ActiveCfg = Release|Any CPU
		{C1DE80C7-579E-4D48-AAB8-37F5C1484F86}.Release|Any CPU.Build.0 = Release|Any CPU
	EndGlobalSection
	GlobalSection(SolutionProperties) = preSolution
		HideSolutionNode = FALSE
	EndGlobalSection
	GlobalSection(ExtensibilityGlobals) = postSolution
		SolutionGuid = {3A593D17-0FF9-43F8-9F3A-2BEE2A432C1A}
	EndGlobalSection
EndGlobal
